
Microsoft Visual Studio Solution File, Format Version 12.00
Project("{FAE04EC0-301F-11D3-BF4B-00C04F79EFBC}") = "Sandbox.API", "Sandbox.API.csproj", "{6E49BBD5-8962-4739-906B-7BB2940953BD}"
EndProject
Project("{FAE04EC0-301F-11D3-BF4B-00C04F79EFBC}") = "Sandbox.Business", "..\Sandbox.Business\Sandbox.Business.csproj", "{8F7C5D47-89C6-4CFF-AD50-7D2E1D1BDC39}"
EndProject
Project("{FAE04EC0-301F-11D3-BF4B-00C04F79EFBC}") = "Sandbox.DAL", "..\Sandbox.DAL\Sandbox.DAL.csproj", "{BC9BAE22-DA62-4B3F-8F35-E11DAA6913EF}"
EndProject
Project("{FAE04EC0-301F-11D3-BF4B-00C04F79EFBC}") = "Local.Core", "..\..\Local-Core\Local.Core\Local.Core.csproj", "{53DF86DB-A16A-418A-9393-476086FF9965}"
EndProject
Global
	GlobalSection(SolutionConfigurationPlatforms) = preSolution
		Debug|Any CPU = Debug|Any CPU
		Release|Any CPU = Release|Any CPU
	EndGlobalSection
	GlobalSection(ProjectConfigurationPlatforms) = postSolution
		{6E49BBD5-8962-4739-906B-7BB2940953BD}.Debug|Any CPU.ActiveCfg = Debug|Any CPU
		{6E49BBD5-8962-4739-906B-7BB2940953BD}.Debug|Any CPU.Build.0 = Debug|Any CPU
		{6E49BBD5-8962-4739-906B-7BB2940953BD}.Release|Any CPU.ActiveCfg = Release|Any CPU
		{6E49BBD5-8962-4739-906B-7BB2940953BD}.Release|Any CPU.Build.0 = Release|Any CPU
		{8F7C5D47-89C6-4CFF-AD50-7D2E1D1BDC39}.Debug|Any CPU.ActiveCfg = Debug|Any CPU
		{8F7C5D47-89C6-4CFF-AD50-7D2E1D1BDC39}.Debug|Any CPU.Build.0 = Debug|Any CPU
		{8F7C5D47-89C6-4CFF-AD50-7D2E1D1BDC39}.Release|Any CPU.ActiveCfg = Release|Any CPU
		{8F7C5D47-89C6-4CFF-AD50-7D2E1D1BDC39}.Release|Any CPU.Build.0 = Release|Any CPU
		{BC9BAE22-DA62-4B3F-8F35-E11DAA6913EF}.Debug|Any CPU.ActiveCfg = Debug|Any CPU
		{BC9BAE22-DA62-4B3F-8F35-E11DAA6913EF}.Debug|Any CPU.Build.0 = Debug|Any CPU
		{BC9BAE22-DA62-4B3F-8F35-E11DAA6913EF}.Release|Any CPU.ActiveCfg = Release|Any CPU
		{BC9BAE22-DA62-4B3F-8F35-E11DAA6913EF}.Release|Any CPU.Build.0 = Release|Any CPU
		{53DF86DB-A16A-418A-9393-476086FF9965}.Debug|Any CPU.ActiveCfg = Debug|Any CPU
		{53DF86DB-A16A-418A-9393-476086FF9965}.Debug|Any CPU.Build.0 = Debug|Any CPU
		{53DF86DB-A16A-418A-9393-476086FF9965}.Release|Any CPU.ActiveCfg = Release|Any CPU
		{53DF86DB-A16A-418A-9393-476086FF9965}.Release|Any CPU.Build.0 = Release|Any CPU
	EndGlobalSection
EndGlobal
